
Microsoft Visual Studio Solution File, Format Version 12.00
# Visual Studio Version 17
VisualStudioVersion = 17.5.002.0
MinimumVisualStudioVersion = 10.0.40219.1
Project("{2150E333-8FDC-42A3-9474-1A3956D46DE8}") = "session-1", "session-1", "{8CE5A191-78FB-400B-B201-17A8F4886BAB}"
EndProject
Project("{9A19103F-16F7-4668-BE54-9A1E7A4F7556}") = "FirsttApp", "session-1\FirsttApp\FirsttApp.csproj", "{B216D650-2F91-4E3C-A118-1188C53AE537}"
EndProject
Global
	GlobalSection(SolutionConfigurationPlatforms) = preSolution
		Debug|Any CPU = Debug|Any CPU
		Release|Any CPU = Release|Any CPU
	EndGlobalSection
	GlobalSection(ProjectConfigurationPlatforms) = postSolution
		{B216D650-2F91-4E3C-A118-1188C53AE537}.Debug|Any CPU.ActiveCfg = Debug|Any CPU
		{B216D650-2F91-4E3C-A118-1188C53AE537}.Debug|Any CPU.Build.0 = Debug|Any CPU
		{B216D650-2F91-4E3C-A118-1188C53AE537}.Release|Any CPU.ActiveCfg = Release|Any CPU
		{B216D650-2F91-4E3C-A118-1188C53AE537}.Release|Any CPU.Build.0 = Release|Any CPU
	EndGlobalSection
	GlobalSection(SolutionProperties) = preSolution
		HideSolutionNode = FALSE
	EndGlobalSection
	GlobalSection(NestedProjects) = preSolution
		{B216D650-2F91-4E3C-A118-1188C53AE537} = {8CE5A191-78FB-400B-B201-17A8F4886BAB}
	EndGlobalSection
	GlobalSection(ExtensibilityGlobals) = postSolution
		SolutionGuid = {4A0B8EB2-C46E-4019-8C5B-8A4D3115DF80}
	EndGlobalSection
EndGlobal
