
Microsoft Visual Studio Solution File, Format Version 12.00
# Visual Studio Version 17
VisualStudioVersion = 17.5.002.0
MinimumVisualStudioVersion = 10.0.40219.1
Project("{9A19103F-16F7-4668-BE54-9A1E7A4F7556}") = "Session4", "Session4\Session4.csproj", "{AB328C61-26E3-4B10-BE40-ADCBD82DB4E8}"
EndProject
Global
	GlobalSection(SolutionConfigurationPlatforms) = preSolution
		Debug|Any CPU = Debug|Any CPU
		Release|Any CPU = Release|Any CPU
	EndGlobalSection
	GlobalSection(ProjectConfigurationPlatforms) = postSolution
		{AB328C61-26E3-4B10-BE40-ADCBD82DB4E8}.Debug|Any CPU.ActiveCfg = Debug|Any CPU
		{AB328C61-26E3-4B10-BE40-ADCBD82DB4E8}.Debug|Any CPU.Build.0 = Debug|Any CPU
		{AB328C61-26E3-4B10-BE40-ADCBD82DB4E8}.Release|Any CPU.ActiveCfg = Release|Any CPU
		{AB328C61-26E3-4B10-BE40-ADCBD82DB4E8}.Release|Any CPU.Build.0 = Release|Any CPU
	EndGlobalSection
	GlobalSection(SolutionProperties) = preSolution
		HideSolutionNode = FALSE
	EndGlobalSection
	GlobalSection(ExtensibilityGlobals) = postSolution
		SolutionGuid = {86775E12-E88C-40EC-9F9E-0D145D67FA25}
	EndGlobalSection
EndGlobal
