Microsoft Visual Studio Solution File, Format Version 12.00
# Visual Studio Version 17
VisualStudioVersion = 17.5.2.0
MinimumVisualStudioVersion = 10.0.40219.1
Project("{FAE04EC0-301F-11D3-BF4B-00C04F79EFBC}") = "FirsttApp", "FirsttApp.csproj", "{0FEB0F9C-DDB8-31F4-9F22-FBCC2602B916}"
EndProject
Global
	GlobalSection(SolutionConfigurationPlatforms) = preSolution
		Debug|Any CPU = Debug|Any CPU
		Release|Any CPU = Release|Any CPU
	EndGlobalSection
	GlobalSection(ProjectConfigurationPlatforms) = postSolution
		{0FEB0F9C-DDB8-31F4-9F22-FBCC2602B916}.Debug|Any CPU.ActiveCfg = Debug|Any CPU
		{0FEB0F9C-DDB8-31F4-9F22-FBCC2602B916}.Debug|Any CPU.Build.0 = Debug|Any CPU
		{0FEB0F9C-DDB8-31F4-9F22-FBCC2602B916}.Release|Any CPU.ActiveCfg = Release|Any CPU
		{0FEB0F9C-DDB8-31F4-9F22-FBCC2602B916}.Release|Any CPU.Build.0 = Release|Any CPU
	EndGlobalSection
	GlobalSection(SolutionProperties) = preSolution
		HideSolutionNode = FALSE
	EndGlobalSection
	GlobalSection(ExtensibilityGlobals) = postSolution
		SolutionGuid = {4F48BEAC-071A-4D42-B140-16367A960014}
	EndGlobalSection
EndGlobal
