
Microsoft Visual Studio Solution File, Format Version 12.00
# Visual Studio Version 17
VisualStudioVersion = 17.5.002.0
MinimumVisualStudioVersion = 10.0.40219.1
Project("{9A19103F-16F7-4668-BE54-9A1E7A4F7556}") = "TheEmployeeAPI.Tests", "TheEmployeeAPI.Tests.csproj", "{4B3A0ADC-089C-4293-A253-34B683C78B0B}"
EndProject
Global
	GlobalSection(SolutionConfigurationPlatforms) = preSolution
		Debug|Any CPU = Debug|Any CPU
		Release|Any CPU = Release|Any CPU
	EndGlobalSection
	GlobalSection(ProjectConfigurationPlatforms) = postSolution
		{4B3A0ADC-089C-4293-A253-34B683C78B0B}.Debug|Any CPU.ActiveCfg = Debug|Any CPU
		{4B3A0ADC-089C-4293-A253-34B683C78B0B}.Debug|Any CPU.Build.0 = Debug|Any CPU
		{4B3A0ADC-089C-4293-A253-34B683C78B0B}.Release|Any CPU.ActiveCfg = Release|Any CPU
		{4B3A0ADC-089C-4293-A253-34B683C78B0B}.Release|Any CPU.Build.0 = Release|Any CPU
	EndGlobalSection
	GlobalSection(SolutionProperties) = preSolution
		HideSolutionNode = FALSE
	EndGlobalSection
	GlobalSection(ExtensibilityGlobals) = postSolution
		SolutionGuid = {8C91D377-E681-42A3-B0EC-0097D004CD21}
	EndGlobalSection
EndGlobal
