
Microsoft Visual Studio Solution File, Format Version 12.00
# Visual Studio Version 17
VisualStudioVersion = 17.5.002.0
MinimumVisualStudioVersion = 10.0.40219.1
Project("{9A19103F-16F7-4668-BE54-9A1E7A4F7556}") = "Session7", "Session7.csproj", "{DD415E04-154D-4DCD-9951-663BF62D1C70}"
EndProject
Global
	GlobalSection(SolutionConfigurationPlatforms) = preSolution
		Debug|Any CPU = Debug|Any CPU
		Release|Any CPU = Release|Any CPU
	EndGlobalSection
	GlobalSection(ProjectConfigurationPlatforms) = postSolution
		{DD415E04-154D-4DCD-9951-663BF62D1C70}.Debug|Any CPU.ActiveCfg = Debug|Any CPU
		{DD415E04-154D-4DCD-9951-663BF62D1C70}.Debug|Any CPU.Build.0 = Debug|Any CPU
		{DD415E04-154D-4DCD-9951-663BF62D1C70}.Release|Any CPU.ActiveCfg = Release|Any CPU
		{DD415E04-154D-4DCD-9951-663BF62D1C70}.Release|Any CPU.Build.0 = Release|Any CPU
	EndGlobalSection
	GlobalSection(SolutionProperties) = preSolution
		HideSolutionNode = FALSE
	EndGlobalSection
	GlobalSection(ExtensibilityGlobals) = postSolution
		SolutionGuid = {B48E566E-1E0A-4266-82CC-B2049C5464CE}
	EndGlobalSection
EndGlobal
